
Microsoft Visual Studio Solution File, Format Version 12.00
# Visual Studio Version 17
VisualStudioVersion = 17.4.33110.190
MinimumVisualStudioVersion = 10.0.40219.1
Project("{FAE04EC0-301F-11D3-BF4B-00C04F79EFBC}") = "BSTUC1", "BSTUC1.csproj", "{64F35061-67BC-4FF3-B272-2621238B4CCC}"
EndProject
Global
	GlobalSection(SolutionConfigurationPlatforms) = preSolution
		Debug|Any CPU = Debug|Any CPU
		Release|Any CPU = Release|Any CPU
	EndGlobalSection
	GlobalSection(ProjectConfigurationPlatforms) = postSolution
		{64F35061-67BC-4FF3-B272-2621238B4CCC}.Debug|Any CPU.ActiveCfg = Debug|Any CPU
		{64F35061-67BC-4FF3-B272-2621238B4CCC}.Debug|Any CPU.Build.0 = Debug|Any CPU
		{64F35061-67BC-4FF3-B272-2621238B4CCC}.Release|Any CPU.ActiveCfg = Release|Any CPU
		{64F35061-67BC-4FF3-B272-2621238B4CCC}.Release|Any CPU.Build.0 = Release|Any CPU
	EndGlobalSection
	GlobalSection(SolutionProperties) = preSolution
		HideSolutionNode = FALSE
	EndGlobalSection
	GlobalSection(ExtensibilityGlobals) = postSolution
		SolutionGuid = {A5800195-C952-4621-AD19-E270019A8B86}
	EndGlobalSection
EndGlobal
